// !$*UTF8*$!
{
	archiveVersion = 1;
	classes = {
	};
	objectVersion = 56;
	objects = {

/* Begin PBXBuildFile section */
		D000943C2998FADF009E1857 /* AppDelegate.swift in Sources */ = {isa = PBXBuildFile; fileRef = D000943B2998FADF009E1857 /* AppDelegate.swift */; };
		D000943E2998FADF009E1857 /* SceneDelegate.swift in Sources */ = {isa = PBXBuildFile; fileRef = D000943D2998FADF009E1857 /* SceneDelegate.swift */; };
		D00094402998FAE0009E1857 /* PhotosViewController.swift in Sources */ = {isa = PBXBuildFile; fileRef = D000943F2998FAE0009E1857 /* PhotosViewController.swift */; };
		D00094452998FAE7009E1857 /* Assets.xcassets in Resources */ = {isa = PBXBuildFile; fileRef = D00094442998FAE7009E1857 /* Assets.xcassets */; };
		D00094482998FAE7009E1857 /* LaunchScreen.storyboard in Resources */ = {isa = PBXBuildFile; fileRef = D00094462998FAE7009E1857 /* LaunchScreen.storyboard */; };
		D00094532998FAE8009E1857 /* PhotoBankAppTests.swift in Sources */ = {isa = PBXBuildFile; fileRef = D00094522998FAE8009E1857 /* PhotoBankAppTests.swift */; };
		D000945D2998FAE8009E1857 /* PhotoBankAppUITests.swift in Sources */ = {isa = PBXBuildFile; fileRef = D000945C2998FAE8009E1857 /* PhotoBankAppUITests.swift */; };
		D000945F2998FAE8009E1857 /* PhotoBankAppUITestsLaunchTests.swift in Sources */ = {isa = PBXBuildFile; fileRef = D000945E2998FAE8009E1857 /* PhotoBankAppUITestsLaunchTests.swift */; };
		D00094722999019F009E1857 /* PhotosViewModel.swift in Sources */ = {isa = PBXBuildFile; fileRef = D00094712999019F009E1857 /* PhotosViewModel.swift */; };
		D0009474299901AB009E1857 /* PhotosDataProvider.swift in Sources */ = {isa = PBXBuildFile; fileRef = D0009473299901AB009E1857 /* PhotosDataProvider.swift */; };
		D0009476299903C7009E1857 /* Coordinator.swift in Sources */ = {isa = PBXBuildFile; fileRef = D0009475299903C7009E1857 /* Coordinator.swift */; };
		D0009478299903D1009E1857 /* Assembly.swift in Sources */ = {isa = PBXBuildFile; fileRef = D0009477299903D1009E1857 /* Assembly.swift */; };
		D000947B29990CFC009E1857 /* PhotoCell.swift in Sources */ = {isa = PBXBuildFile; fileRef = D000947A29990CFC009E1857 /* PhotoCell.swift */; };
		D008C07929AA22C4007AD78C /* Constants.swift in Sources */ = {isa = PBXBuildFile; fileRef = D008C07829AA22C4007AD78C /* Constants.swift */; };
		D008C07C29AA2444007AD78C /* UnsplashPhotoPicker in Frameworks */ = {isa = PBXBuildFile; productRef = D008C07B29AA2444007AD78C /* UnsplashPhotoPicker */; };
		D008C08129AA3C74007AD78C /* NetworkDataFetcher.swift in Sources */ = {isa = PBXBuildFile; fileRef = D008C08029AA3C74007AD78C /* NetworkDataFetcher.swift */; };
		D037E155299F7D990036CBCC /* NetworkService.swift in Sources */ = {isa = PBXBuildFile; fileRef = D037E154299F7D990036CBCC /* NetworkService.swift */; };
		D037E157299F7DEA0036CBCC /* SearchResults.swift in Sources */ = {isa = PBXBuildFile; fileRef = D037E156299F7DEA0036CBCC /* SearchResults.swift */; };
/* End PBXBuildFile section */

/* Begin PBXContainerItemProxy section */
		D000944F2998FAE8009E1857 /* PBXContainerItemProxy */ = {
			isa = PBXContainerItemProxy;
			containerPortal = D00094302998FADF009E1857 /* Project object */;
			proxyType = 1;
			remoteGlobalIDString = D00094372998FADF009E1857;
			remoteInfo = PhotoBankApp;
		};
		D00094592998FAE8009E1857 /* PBXContainerItemProxy */ = {
			isa = PBXContainerItemProxy;
			containerPortal = D00094302998FADF009E1857 /* Project object */;
			proxyType = 1;
			remoteGlobalIDString = D00094372998FADF009E1857;
			remoteInfo = PhotoBankApp;
		};
/* End PBXContainerItemProxy section */

/* Begin PBXFileReference section */
		D00094382998FADF009E1857 /* PhotoBankApp.app */ = {isa = PBXFileReference; explicitFileType = wrapper.application; includeInIndex = 0; path = PhotoBankApp.app; sourceTree = BUILT_PRODUCTS_DIR; };
		D000943B2998FADF009E1857 /* AppDelegate.swift */ = {isa = PBXFileReference; lastKnownFileType = sourcecode.swift; path = AppDelegate.swift; sourceTree = "<group>"; };
		D000943D2998FADF009E1857 /* SceneDelegate.swift */ = {isa = PBXFileReference; lastKnownFileType = sourcecode.swift; path = SceneDelegate.swift; sourceTree = "<group>"; };
		D000943F2998FAE0009E1857 /* PhotosViewController.swift */ = {isa = PBXFileReference; lastKnownFileType = sourcecode.swift; path = PhotosViewController.swift; sourceTree = "<group>"; };
		D00094442998FAE7009E1857 /* Assets.xcassets */ = {isa = PBXFileReference; lastKnownFileType = folder.assetcatalog; path = Assets.xcassets; sourceTree = "<group>"; };
		D00094472998FAE7009E1857 /* Base */ = {isa = PBXFileReference; lastKnownFileType = file.storyboard; name = Base; path = Base.lproj/LaunchScreen.storyboard; sourceTree = "<group>"; };
		D00094492998FAE7009E1857 /* Info.plist */ = {isa = PBXFileReference; lastKnownFileType = text.plist.xml; path = Info.plist; sourceTree = "<group>"; };
		D000944E2998FAE8009E1857 /* PhotoBankAppTests.xctest */ = {isa = PBXFileReference; explicitFileType = wrapper.cfbundle; includeInIndex = 0; path = PhotoBankAppTests.xctest; sourceTree = BUILT_PRODUCTS_DIR; };
		D00094522998FAE8009E1857 /* PhotoBankAppTests.swift */ = {isa = PBXFileReference; lastKnownFileType = sourcecode.swift; path = PhotoBankAppTests.swift; sourceTree = "<group>"; };
		D00094582998FAE8009E1857 /* PhotoBankAppUITests.xctest */ = {isa = PBXFileReference; explicitFileType = wrapper.cfbundle; includeInIndex = 0; path = PhotoBankAppUITests.xctest; sourceTree = BUILT_PRODUCTS_DIR; };
		D000945C2998FAE8009E1857 /* PhotoBankAppUITests.swift */ = {isa = PBXFileReference; lastKnownFileType = sourcecode.swift; path = PhotoBankAppUITests.swift; sourceTree = "<group>"; };
		D000945E2998FAE8009E1857 /* PhotoBankAppUITestsLaunchTests.swift */ = {isa = PBXFileReference; lastKnownFileType = sourcecode.swift; path = PhotoBankAppUITestsLaunchTests.swift; sourceTree = "<group>"; };
		D00094712999019F009E1857 /* PhotosViewModel.swift */ = {isa = PBXFileReference; lastKnownFileType = sourcecode.swift; path = PhotosViewModel.swift; sourceTree = "<group>"; };
		D0009473299901AB009E1857 /* PhotosDataProvider.swift */ = {isa = PBXFileReference; lastKnownFileType = sourcecode.swift; path = PhotosDataProvider.swift; sourceTree = "<group>"; };
		D0009475299903C7009E1857 /* Coordinator.swift */ = {isa = PBXFileReference; lastKnownFileType = sourcecode.swift; path = Coordinator.swift; sourceTree = "<group>"; };
		D0009477299903D1009E1857 /* Assembly.swift */ = {isa = PBXFileReference; lastKnownFileType = sourcecode.swift; path = Assembly.swift; sourceTree = "<group>"; };
		D000947A29990CFC009E1857 /* PhotoCell.swift */ = {isa = PBXFileReference; lastKnownFileType = sourcecode.swift; path = PhotoCell.swift; sourceTree = "<group>"; };
		D008C07829AA22C4007AD78C /* Constants.swift */ = {isa = PBXFileReference; lastKnownFileType = sourcecode.swift; path = Constants.swift; sourceTree = "<group>"; };
		D008C08029AA3C74007AD78C /* NetworkDataFetcher.swift */ = {isa = PBXFileReference; lastKnownFileType = sourcecode.swift; path = NetworkDataFetcher.swift; sourceTree = "<group>"; };
		D037E154299F7D990036CBCC /* NetworkService.swift */ = {isa = PBXFileReference; lastKnownFileType = sourcecode.swift; path = NetworkService.swift; sourceTree = "<group>"; };
		D037E156299F7DEA0036CBCC /* SearchResults.swift */ = {isa = PBXFileReference; lastKnownFileType = sourcecode.swift; path = SearchResults.swift; sourceTree = "<group>"; };
/* End PBXFileReference section */

/* Begin PBXFrameworksBuildPhase section */
		D00094352998FADF009E1857 /* Frameworks */ = {
			isa = PBXFrameworksBuildPhase;
			buildActionMask = 2147483647;
			files = (
				D008C07C29AA2444007AD78C /* UnsplashPhotoPicker in Frameworks */,
			);
			runOnlyForDeploymentPostprocessing = 0;
		};
		D000944B2998FAE8009E1857 /* Frameworks */ = {
			isa = PBXFrameworksBuildPhase;
			buildActionMask = 2147483647;
			files = (
			);
			runOnlyForDeploymentPostprocessing = 0;
		};
		D00094552998FAE8009E1857 /* Frameworks */ = {
			isa = PBXFrameworksBuildPhase;
			buildActionMask = 2147483647;
			files = (
			);
			runOnlyForDeploymentPostprocessing = 0;
		};
/* End PBXFrameworksBuildPhase section */

/* Begin PBXGroup section */
		D000942F2998FADF009E1857 = {
			isa = PBXGroup;
			children = (
				D000943A2998FADF009E1857 /* PhotoBankApp */,
				D00094512998FAE8009E1857 /* PhotoBankAppTests */,
				D000945B2998FAE8009E1857 /* PhotoBankAppUITests */,
				D00094392998FADF009E1857 /* Products */,
			);
			sourceTree = "<group>";
		};
		D00094392998FADF009E1857 /* Products */ = {
			isa = PBXGroup;
			children = (
				D00094382998FADF009E1857 /* PhotoBankApp.app */,
				D000944E2998FAE8009E1857 /* PhotoBankAppTests.xctest */,
				D00094582998FAE8009E1857 /* PhotoBankAppUITests.xctest */,
			);
			name = Products;
			sourceTree = "<group>";
		};
		D000943A2998FADF009E1857 /* PhotoBankApp */ = {
			isa = PBXGroup;
			children = (
				D008C07F29AA3C49007AD78C /* Services */,
				D000946D2999016F009E1857 /* Modules */,
				D000946C2999009A009E1857 /* SupportingFiles */,
			);
			path = PhotoBankApp;
			sourceTree = "<group>";
		};
		D00094512998FAE8009E1857 /* PhotoBankAppTests */ = {
			isa = PBXGroup;
			children = (
				D00094522998FAE8009E1857 /* PhotoBankAppTests.swift */,
			);
			path = PhotoBankAppTests;
			sourceTree = "<group>";
		};
		D000945B2998FAE8009E1857 /* PhotoBankAppUITests */ = {
			isa = PBXGroup;
			children = (
				D000945C2998FAE8009E1857 /* PhotoBankAppUITests.swift */,
				D000945E2998FAE8009E1857 /* PhotoBankAppUITestsLaunchTests.swift */,
			);
			path = PhotoBankAppUITests;
			sourceTree = "<group>";
		};
		D000946C2999009A009E1857 /* SupportingFiles */ = {
			isa = PBXGroup;
			children = (
				D000943B2998FADF009E1857 /* AppDelegate.swift */,
				D000943D2998FADF009E1857 /* SceneDelegate.swift */,
				D008C07829AA22C4007AD78C /* Constants.swift */,
				D00094462998FAE7009E1857 /* LaunchScreen.storyboard */,
				D00094442998FAE7009E1857 /* Assets.xcassets */,
				D00094492998FAE7009E1857 /* Info.plist */,
			);
			path = SupportingFiles;
			sourceTree = "<group>";
		};
		D000946D2999016F009E1857 /* Modules */ = {
			isa = PBXGroup;
			children = (
				D008C07729AA1B4B007AD78C /* Models */,
				D0009477299903D1009E1857 /* Assembly.swift */,
				D0009475299903C7009E1857 /* Coordinator.swift */,
				D000946E29990177009E1857 /* PhotosModule */,
			);
			path = Modules;
			sourceTree = "<group>";
		};
		D000946E29990177009E1857 /* PhotosModule */ = {
			isa = PBXGroup;
			children = (
				D00094712999019F009E1857 /* PhotosViewModel.swift */,
				D0009473299901AB009E1857 /* PhotosDataProvider.swift */,
				D000943F2998FAE0009E1857 /* PhotosViewController.swift */,
				D000947929990CE9009E1857 /* Cell */,
			);
			path = PhotosModule;
			sourceTree = "<group>";
		};
		D000947929990CE9009E1857 /* Cell */ = {
			isa = PBXGroup;
			children = (
				D000947A29990CFC009E1857 /* PhotoCell.swift */,
			);
			path = Cell;
			sourceTree = "<group>";
		};
		D008C07729AA1B4B007AD78C /* Models */ = {
			isa = PBXGroup;
			children = (
				D037E156299F7DEA0036CBCC /* SearchResults.swift */,
			);
			path = Models;
			sourceTree = "<group>";
		};
		D008C07F29AA3C49007AD78C /* Services */ = {
			isa = PBXGroup;
			children = (
				D037E154299F7D990036CBCC /* NetworkService.swift */,
				D008C08029AA3C74007AD78C /* NetworkDataFetcher.swift */,
			);
			path = Services;
			sourceTree = "<group>";
		};
/* End PBXGroup section */

/* Begin PBXNativeTarget section */
		D00094372998FADF009E1857 /* PhotoBankApp */ = {
			isa = PBXNativeTarget;
			buildConfigurationList = D00094622998FAE8009E1857 /* Build configuration list for PBXNativeTarget "PhotoBankApp" */;
			buildPhases = (
				D00094342998FADF009E1857 /* Sources */,
				D00094352998FADF009E1857 /* Frameworks */,
				D00094362998FADF009E1857 /* Resources */,
			);
			buildRules = (
			);
			dependencies = (
			);
			name = PhotoBankApp;
			packageProductDependencies = (
				D008C07B29AA2444007AD78C /* UnsplashPhotoPicker */,
			);
			productName = PhotoBankApp;
			productReference = D00094382998FADF009E1857 /* PhotoBankApp.app */;
			productType = "com.apple.product-type.application";
		};
		D000944D2998FAE8009E1857 /* PhotoBankAppTests */ = {
			isa = PBXNativeTarget;
			buildConfigurationList = D00094652998FAE8009E1857 /* Build configuration list for PBXNativeTarget "PhotoBankAppTests" */;
			buildPhases = (
				D000944A2998FAE8009E1857 /* Sources */,
				D000944B2998FAE8009E1857 /* Frameworks */,
				D000944C2998FAE8009E1857 /* Resources */,
			);
			buildRules = (
			);
			dependencies = (
				D00094502998FAE8009E1857 /* PBXTargetDependency */,
			);
			name = PhotoBankAppTests;
			productName = PhotoBankAppTests;
			productReference = D000944E2998FAE8009E1857 /* PhotoBankAppTests.xctest */;
			productType = "com.apple.product-type.bundle.unit-test";
		};
		D00094572998FAE8009E1857 /* PhotoBankAppUITests */ = {
			isa = PBXNativeTarget;
			buildConfigurationList = D00094682998FAE8009E1857 /* Build configuration list for PBXNativeTarget "PhotoBankAppUITests" */;
			buildPhases = (
				D00094542998FAE8009E1857 /* Sources */,
				D00094552998FAE8009E1857 /* Frameworks */,
				D00094562998FAE8009E1857 /* Resources */,
			);
			buildRules = (
			);
			dependencies = (
				D000945A2998FAE8009E1857 /* PBXTargetDependency */,
			);
			name = PhotoBankAppUITests;
			productName = PhotoBankAppUITests;
			productReference = D00094582998FAE8009E1857 /* PhotoBankAppUITests.xctest */;
			productType = "com.apple.product-type.bundle.ui-testing";
		};
/* End PBXNativeTarget section */

/* Begin PBXProject section */
		D00094302998FADF009E1857 /* Project object */ = {
			isa = PBXProject;
			attributes = {
				BuildIndependentTargetsInParallel = 1;
				LastSwiftUpdateCheck = 1400;
				LastUpgradeCheck = 1400;
				TargetAttributes = {
					D00094372998FADF009E1857 = {
						CreatedOnToolsVersion = 14.0.1;
					};
					D000944D2998FAE8009E1857 = {
						CreatedOnToolsVersion = 14.0.1;
						TestTargetID = D00094372998FADF009E1857;
					};
					D00094572998FAE8009E1857 = {
						CreatedOnToolsVersion = 14.0.1;
						TestTargetID = D00094372998FADF009E1857;
					};
				};
			};
			buildConfigurationList = D00094332998FADF009E1857 /* Build configuration list for PBXProject "PhotoBankApp" */;
			compatibilityVersion = "Xcode 14.0";
			developmentRegion = en;
			hasScannedForEncodings = 0;
			knownRegions = (
				en,
				Base,
			);
			mainGroup = D000942F2998FADF009E1857;
			packageReferences = (
				D008C07A29AA2443007AD78C /* XCRemoteSwiftPackageReference "unsplash-photopicker-ios" */,
			);
			productRefGroup = D00094392998FADF009E1857 /* Products */;
			projectDirPath = "";
			projectRoot = "";
			targets = (
				D00094372998FADF009E1857 /* PhotoBankApp */,
				D000944D2998FAE8009E1857 /* PhotoBankAppTests */,
				D00094572998FAE8009E1857 /* PhotoBankAppUITests */,
			);
		};
/* End PBXProject section */

/* Begin PBXResourcesBuildPhase section */
		D00094362998FADF009E1857 /* Resources */ = {
			isa = PBXResourcesBuildPhase;
			buildActionMask = 2147483647;
			files = (
				D00094482998FAE7009E1857 /* LaunchScreen.storyboard in Resources */,
				D00094452998FAE7009E1857 /* Assets.xcassets in Resources */,
			);
			runOnlyForDeploymentPostprocessing = 0;
		};
		D000944C2998FAE8009E1857 /* Resources */ = {
			isa = PBXResourcesBuildPhase;
			buildActionMask = 2147483647;
			files = (
			);
			runOnlyForDeploymentPostprocessing = 0;
		};
		D00094562998FAE8009E1857 /* Resources */ = {
			isa = PBXResourcesBuildPhase;
			buildActionMask = 2147483647;
			files = (
			);
			runOnlyForDeploymentPostprocessing = 0;
		};
/* End PBXResourcesBuildPhase section */

/* Begin PBXSourcesBuildPhase section */
		D00094342998FADF009E1857 /* Sources */ = {
			isa = PBXSourcesBuildPhase;
			buildActionMask = 2147483647;
			files = (
				D008C08129AA3C74007AD78C /* NetworkDataFetcher.swift in Sources */,
				D037E155299F7D990036CBCC /* NetworkService.swift in Sources */,
				D008C07929AA22C4007AD78C /* Constants.swift in Sources */,
				D00094402998FAE0009E1857 /* PhotosViewController.swift in Sources */,
				D0009478299903D1009E1857 /* Assembly.swift in Sources */,
				D000947B29990CFC009E1857 /* PhotoCell.swift in Sources */,
				D000943C2998FADF009E1857 /* AppDelegate.swift in Sources */,
				D00094722999019F009E1857 /* PhotosViewModel.swift in Sources */,
				D037E157299F7DEA0036CBCC /* SearchResults.swift in Sources */,
				D000943E2998FADF009E1857 /* SceneDelegate.swift in Sources */,
				D0009474299901AB009E1857 /* PhotosDataProvider.swift in Sources */,
				D0009476299903C7009E1857 /* Coordinator.swift in Sources */,
			);
			runOnlyForDeploymentPostprocessing = 0;
		};
		D000944A2998FAE8009E1857 /* Sources */ = {
			isa = PBXSourcesBuildPhase;
			buildActionMask = 2147483647;
			files = (
				D00094532998FAE8009E1857 /* PhotoBankAppTests.swift in Sources */,
			);
			runOnlyForDeploymentPostprocessing = 0;
		};
		D00094542998FAE8009E1857 /* Sources */ = {
			isa = PBXSourcesBuildPhase;
			buildActionMask = 2147483647;
			files = (
				D000945D2998FAE8009E1857 /* PhotoBankAppUITests.swift in Sources */,
				D000945F2998FAE8009E1857 /* PhotoBankAppUITestsLaunchTests.swift in Sources */,
			);
			runOnlyForDeploymentPostprocessing = 0;
		};
/* End PBXSourcesBuildPhase section */

/* Begin PBXTargetDependency section */
		D00094502998FAE8009E1857 /* PBXTargetDependency */ = {
			isa = PBXTargetDependency;
			target = D00094372998FADF009E1857 /* PhotoBankApp */;
			targetProxy = D000944F2998FAE8009E1857 /* PBXContainerItemProxy */;
		};
		D000945A2998FAE8009E1857 /* PBXTargetDependency */ = {
			isa = PBXTargetDependency;
			target = D00094372998FADF009E1857 /* PhotoBankApp */;
			targetProxy = D00094592998FAE8009E1857 /* PBXContainerItemProxy */;
		};
/* End PBXTargetDependency section */

/* Begin PBXVariantGroup section */
		D00094462998FAE7009E1857 /* LaunchScreen.storyboard */ = {
			isa = PBXVariantGroup;
			children = (
				D00094472998FAE7009E1857 /* Base */,
			);
			name = LaunchScreen.storyboard;
			sourceTree = "<group>";
		};
/* End PBXVariantGroup section */

/* Begin XCBuildConfiguration section */
		D00094602998FAE8009E1857 /* Debug */ = {
			isa = XCBuildConfiguration;
			buildSettings = {
				ALWAYS_SEARCH_USER_PATHS = NO;
				CLANG_ANALYZER_NONNULL = YES;
				CLANG_ANALYZER_NUMBER_OBJECT_CONVERSION = YES_AGGRESSIVE;
				CLANG_CXX_LANGUAGE_STANDARD = "gnu++20";
				CLANG_ENABLE_MODULES = YES;
				CLANG_ENABLE_OBJC_ARC = YES;
				CLANG_ENABLE_OBJC_WEAK = YES;
				CLANG_WARN_BLOCK_CAPTURE_AUTORELEASING = YES;
				CLANG_WARN_BOOL_CONVERSION = YES;
				CLANG_WARN_COMMA = YES;
				CLANG_WARN_CONSTANT_CONVERSION = YES;
				CLANG_WARN_DEPRECATED_OBJC_IMPLEMENTATIONS = YES;
				CLANG_WARN_DIRECT_OBJC_ISA_USAGE = YES_ERROR;
				CLANG_WARN_DOCUMENTATION_COMMENTS = YES;
				CLANG_WARN_EMPTY_BODY = YES;
				CLANG_WARN_ENUM_CONVERSION = YES;
				CLANG_WARN_INFINITE_RECURSION = YES;
				CLANG_WARN_INT_CONVERSION = YES;
				CLANG_WARN_NON_LITERAL_NULL_CONVERSION = YES;
				CLANG_WARN_OBJC_IMPLICIT_RETAIN_SELF = YES;
				CLANG_WARN_OBJC_LITERAL_CONVERSION = YES;
				CLANG_WARN_OBJC_ROOT_CLASS = YES_ERROR;
				CLANG_WARN_QUOTED_INCLUDE_IN_FRAMEWORK_HEADER = YES;
				CLANG_WARN_RANGE_LOOP_ANALYSIS = YES;
				CLANG_WARN_STRICT_PROTOTYPES = YES;
				CLANG_WARN_SUSPICIOUS_MOVE = YES;
				CLANG_WARN_UNGUARDED_AVAILABILITY = YES_AGGRESSIVE;
				CLANG_WARN_UNREACHABLE_CODE = YES;
				CLANG_WARN__DUPLICATE_METHOD_MATCH = YES;
				COPY_PHASE_STRIP = NO;
				DEBUG_INFORMATION_FORMAT = dwarf;
				ENABLE_STRICT_OBJC_MSGSEND = YES;
				ENABLE_TESTABILITY = YES;
				GCC_C_LANGUAGE_STANDARD = gnu11;
				GCC_DYNAMIC_NO_PIC = NO;
				GCC_NO_COMMON_BLOCKS = YES;
				GCC_OPTIMIZATION_LEVEL = 0;
				GCC_PREPROCESSOR_DEFINITIONS = (
					"DEBUG=1",
					"$(inherited)",
				);
				GCC_WARN_64_TO_32_BIT_CONVERSION = YES;
				GCC_WARN_ABOUT_RETURN_TYPE = YES_ERROR;
				GCC_WARN_UNDECLARED_SELECTOR = YES;
				GCC_WARN_UNINITIALIZED_AUTOS = YES_AGGRESSIVE;
				GCC_WARN_UNUSED_FUNCTION = YES;
				GCC_WARN_UNUSED_VARIABLE = YES;
				IPHONEOS_DEPLOYMENT_TARGET = 14.0;
				MTL_ENABLE_DEBUG_INFO = INCLUDE_SOURCE;
				MTL_FAST_MATH = YES;
				ONLY_ACTIVE_ARCH = YES;
				SDKROOT = iphoneos;
				SWIFT_ACTIVE_COMPILATION_CONDITIONS = DEBUG;
				SWIFT_OPTIMIZATION_LEVEL = "-Onone";
			};
			name = Debug;
		};
		D00094612998FAE8009E1857 /* Release */ = {
			isa = XCBuildConfiguration;
			buildSettings = {
				ALWAYS_SEARCH_USER_PATHS = NO;
				CLANG_ANALYZER_NONNULL = YES;
				CLANG_ANALYZER_NUMBER_OBJECT_CONVERSION = YES_AGGRESSIVE;
				CLANG_CXX_LANGUAGE_STANDARD = "gnu++20";
				CLANG_ENABLE_MODULES = YES;
				CLANG_ENABLE_OBJC_ARC = YES;
				CLANG_ENABLE_OBJC_WEAK = YES;
				CLANG_WARN_BLOCK_CAPTURE_AUTORELEASING = YES;
				CLANG_WARN_BOOL_CONVERSION = YES;
				CLANG_WARN_COMMA = YES;
				CLANG_WARN_CONSTANT_CONVERSION = YES;
				CLANG_WARN_DEPRECATED_OBJC_IMPLEMENTATIONS = YES;
				CLANG_WARN_DIRECT_OBJC_ISA_USAGE = YES_ERROR;
				CLANG_WARN_DOCUMENTATION_COMMENTS = YES;
				CLANG_WARN_EMPTY_BODY = YES;
				CLANG_WARN_ENUM_CONVERSION = YES;
				CLANG_WARN_INFINITE_RECURSION = YES;
				CLANG_WARN_INT_CONVERSION = YES;
				CLANG_WARN_NON_LITERAL_NULL_CONVERSION = YES;
				CLANG_WARN_OBJC_IMPLICIT_RETAIN_SELF = YES;
				CLANG_WARN_OBJC_LITERAL_CONVERSION = YES;
				CLANG_WARN_OBJC_ROOT_CLASS = YES_ERROR;
				CLANG_WARN_QUOTED_INCLUDE_IN_FRAMEWORK_HEADER = YES;
				CLANG_WARN_RANGE_LOOP_ANALYSIS = YES;
				CLANG_WARN_STRICT_PROTOTYPES = YES;
				CLANG_WARN_SUSPICIOUS_MOVE = YES;
				CLANG_WARN_UNGUARDED_AVAILABILITY = YES_AGGRESSIVE;
				CLANG_WARN_UNREACHABLE_CODE = YES;
				CLANG_WARN__DUPLICATE_METHOD_MATCH = YES;
				COPY_PHASE_STRIP = NO;
				DEBUG_INFORMATION_FORMAT = "dwarf-with-dsym";
				ENABLE_NS_ASSERTIONS = NO;
				ENABLE_STRICT_OBJC_MSGSEND = YES;
				GCC_C_LANGUAGE_STANDARD = gnu11;
				GCC_NO_COMMON_BLOCKS = YES;
				GCC_WARN_64_TO_32_BIT_CONVERSION = YES;
				GCC_WARN_ABOUT_RETURN_TYPE = YES_ERROR;
				GCC_WARN_UNDECLARED_SELECTOR = YES;
				GCC_WARN_UNINITIALIZED_AUTOS = YES_AGGRESSIVE;
				GCC_WARN_UNUSED_FUNCTION = YES;
				GCC_WARN_UNUSED_VARIABLE = YES;
				IPHONEOS_DEPLOYMENT_TARGET = 14.0;
				MTL_ENABLE_DEBUG_INFO = NO;
				MTL_FAST_MATH = YES;
				SDKROOT = iphoneos;
				SWIFT_COMPILATION_MODE = wholemodule;
				SWIFT_OPTIMIZATION_LEVEL = "-O";
				VALIDATE_PRODUCT = YES;
			};
			name = Release;
		};
		D00094632998FAE8009E1857 /* Debug */ = {
			isa = XCBuildConfiguration;
			buildSettings = {
				ASSETCATALOG_COMPILER_APPICON_NAME = AppIcon;
				ASSETCATALOG_COMPILER_GLOBAL_ACCENT_COLOR_NAME = AccentColor;
				CODE_SIGN_STYLE = Automatic;
				CURRENT_PROJECT_VERSION = 1;
				DEVELOPMENT_TEAM = 2S52Q5VDX5;
				GENERATE_INFOPLIST_FILE = YES;
				INFOPLIST_FILE = PhotoBankApp/SupportingFiles/Info.plist;
				INFOPLIST_KEY_UIApplicationSupportsIndirectInputEvents = YES;
				INFOPLIST_KEY_UILaunchStoryboardName = LaunchScreen;
				INFOPLIST_KEY_UISupportedInterfaceOrientations_iPad = "UIInterfaceOrientationPortrait UIInterfaceOrientationPortraitUpsideDown UIInterfaceOrientationLandscapeLeft UIInterfaceOrientationLandscapeRight";
				INFOPLIST_KEY_UISupportedInterfaceOrientations_iPhone = "UIInterfaceOrientationPortrait UIInterfaceOrientationLandscapeLeft UIInterfaceOrientationLandscapeRight";
				IPHONEOS_DEPLOYMENT_TARGET = 14.0;
				LD_RUNPATH_SEARCH_PATHS = (
					"$(inherited)",
					"@executable_path/Frameworks",
				);
				MARKETING_VERSION = 1.0;
				PRODUCT_BUNDLE_IDENTIFIER = com.a.pride.PhotoBankApp;
				PRODUCT_NAME = "$(TARGET_NAME)";
				SUPPORTED_PLATFORMS = "iphoneos iphonesimulator";
				SUPPORTS_MACCATALYST = NO;
				SUPPORTS_MAC_DESIGNED_FOR_IPHONE_IPAD = NO;
				SWIFT_EMIT_LOC_STRINGS = YES;
				SWIFT_VERSION = 5.0;
				TARGETED_DEVICE_FAMILY = 1;
			};
			name = Debug;
		};
		D00094642998FAE8009E1857 /* Release */ = {
			isa = XCBuildConfiguration;
			buildSettings = {
				ASSETCATALOG_COMPILER_APPICON_NAME = AppIcon;
				ASSETCATALOG_COMPILER_GLOBAL_ACCENT_COLOR_NAME = AccentColor;
				CODE_SIGN_STYLE = Automatic;
				CURRENT_PROJECT_VERSION = 1;
				DEVELOPMENT_TEAM = 2S52Q5VDX5;
				GENERATE_INFOPLIST_FILE = YES;
				INFOPLIST_FILE = PhotoBankApp/SupportingFiles/Info.plist;
				INFOPLIST_KEY_UIApplicationSupportsIndirectInputEvents = YES;
				INFOPLIST_KEY_UILaunchStoryboardName = LaunchScreen;
				INFOPLIST_KEY_UISupportedInterfaceOrientations_iPad = "UIInterfaceOrientationPortrait UIInterfaceOrientationPortraitUpsideDown UIInterfaceOrientationLandscapeLeft UIInterfaceOrientationLandscapeRight";
				INFOPLIST_KEY_UISupportedInterfaceOrientations_iPhone = "UIInterfaceOrientationPortrait UIInterfaceOrientationLandscapeLeft UIInterfaceOrientationLandscapeRight";
				IPHONEOS_DEPLOYMENT_TARGET = 14.0;
				LD_RUNPATH_SEARCH_PATHS = (
					"$(inherited)",
					"@executable_path/Frameworks",
				);
				MARKETING_VERSION = 1.0;
				PRODUCT_BUNDLE_IDENTIFIER = com.a.pride.PhotoBankApp;
				PRODUCT_NAME = "$(TARGET_NAME)";
				SUPPORTED_PLATFORMS = "iphoneos iphonesimulator";
				SUPPORTS_MACCATALYST = NO;
				SUPPORTS_MAC_DESIGNED_FOR_IPHONE_IPAD = NO;
				SWIFT_EMIT_LOC_STRINGS = YES;
				SWIFT_VERSION = 5.0;
				TARGETED_DEVICE_FAMILY = 1;
			};
			name = Release;
		};
		D00094662998FAE8009E1857 /* Debug */ = {
			isa = XCBuildConfiguration;
			buildSettings = {
				ALWAYS_EMBED_SWIFT_STANDARD_LIBRARIES = YES;
				BUNDLE_LOADER = "$(TEST_HOST)";
				CODE_SIGN_STYLE = Automatic;
				CURRENT_PROJECT_VERSION = 1;
				DEVELOPMENT_TEAM = 2S52Q5VDX5;
				GENERATE_INFOPLIST_FILE = YES;
				IPHONEOS_DEPLOYMENT_TARGET = 16.0;
				MARKETING_VERSION = 1.0;
				PRODUCT_BUNDLE_IDENTIFIER = com.a.pride.PhotoBankAppTests;
				PRODUCT_NAME = "$(TARGET_NAME)";
				SWIFT_EMIT_LOC_STRINGS = NO;
				SWIFT_VERSION = 5.0;
				TARGETED_DEVICE_FAMILY = "1,2";
				TEST_HOST = "$(BUILT_PRODUCTS_DIR)/PhotoBankApp.app/$(BUNDLE_EXECUTABLE_FOLDER_PATH)/PhotoBankApp";
			};
			name = Debug;
		};
		D00094672998FAE8009E1857 /* Release */ = {
			isa = XCBuildConfiguration;
			buildSettings = {
				ALWAYS_EMBED_SWIFT_STANDARD_LIBRARIES = YES;
				BUNDLE_LOADER = "$(TEST_HOST)";
				CODE_SIGN_STYLE = Automatic;
				CURRENT_PROJECT_VERSION = 1;
				DEVELOPMENT_TEAM = 2S52Q5VDX5;
				GENERATE_INFOPLIST_FILE = YES;
				IPHONEOS_DEPLOYMENT_TARGET = 16.0;
				MARKETING_VERSION = 1.0;
				PRODUCT_BUNDLE_IDENTIFIER = com.a.pride.PhotoBankAppTests;
				PRODUCT_NAME = "$(TARGET_NAME)";
				SWIFT_EMIT_LOC_STRINGS = NO;
				SWIFT_VERSION = 5.0;
				TARGETED_DEVICE_FAMILY = "1,2";
				TEST_HOST = "$(BUILT_PRODUCTS_DIR)/PhotoBankApp.app/$(BUNDLE_EXECUTABLE_FOLDER_PATH)/PhotoBankApp";
			};
			name = Release;
		};
		D00094692998FAE8009E1857 /* Debug */ = {
			isa = XCBuildConfiguration;
			buildSettings = {
				ALWAYS_EMBED_SWIFT_STANDARD_LIBRARIES = YES;
				CODE_SIGN_STYLE = Automatic;
				CURRENT_PROJECT_VERSION = 1;
				DEVELOPMENT_TEAM = 2S52Q5VDX5;
				GENERATE_INFOPLIST_FILE = YES;
				MARKETING_VERSION = 1.0;
				PRODUCT_BUNDLE_IDENTIFIER = com.a.pride.PhotoBankAppUITests;
				PRODUCT_NAME = "$(TARGET_NAME)";
				SWIFT_EMIT_LOC_STRINGS = NO;
				SWIFT_VERSION = 5.0;
				TARGETED_DEVICE_FAMILY = "1,2";
				TEST_TARGET_NAME = PhotoBankApp;
			};
			name = Debug;
		};
		D000946A2998FAE8009E1857 /* Release */ = {
			isa = XCBuildConfiguration;
			buildSettings = {
				ALWAYS_EMBED_SWIFT_STANDARD_LIBRARIES = YES;
				CODE_SIGN_STYLE = Automatic;
				CURRENT_PROJECT_VERSION = 1;
				DEVELOPMENT_TEAM = 2S52Q5VDX5;
				GENERATE_INFOPLIST_FILE = YES;
				MARKETING_VERSION = 1.0;
				PRODUCT_BUNDLE_IDENTIFIER = com.a.pride.PhotoBankAppUITests;
				PRODUCT_NAME = "$(TARGET_NAME)";
				SWIFT_EMIT_LOC_STRINGS = NO;
				SWIFT_VERSION = 5.0;
				TARGETED_DEVICE_FAMILY = "1,2";
				TEST_TARGET_NAME = PhotoBankApp;
			};
			name = Release;
		};
/* End XCBuildConfiguration section */

/* Begin XCConfigurationList section */
		D00094332998FADF009E1857 /* Build configuration list for PBXProject "PhotoBankApp" */ = {
			isa = XCConfigurationList;
			buildConfigurations = (
				D00094602998FAE8009E1857 /* Debug */,
				D00094612998FAE8009E1857 /* Release */,
			);
			defaultConfigurationIsVisible = 0;
			defaultConfigurationName = Release;
		};
		D00094622998FAE8009E1857 /* Build configuration list for PBXNativeTarget "PhotoBankApp" */ = {
			isa = XCConfigurationList;
			buildConfigurations = (
				D00094632998FAE8009E1857 /* Debug */,
				D00094642998FAE8009E1857 /* Release */,
			);
			defaultConfigurationIsVisible = 0;
			defaultConfigurationName = Release;
		};
		D00094652998FAE8009E1857 /* Build configuration list for PBXNativeTarget "PhotoBankAppTests" */ = {
			isa = XCConfigurationList;
			buildConfigurations = (
				D00094662998FAE8009E1857 /* Debug */,
				D00094672998FAE8009E1857 /* Release */,
			);
			defaultConfigurationIsVisible = 0;
			defaultConfigurationName = Release;
		};
		D00094682998FAE8009E1857 /* Build configuration list for PBXNativeTarget "PhotoBankAppUITests" */ = {
			isa = XCConfigurationList;
			buildConfigurations = (
				D00094692998FAE8009E1857 /* Debug */,
				D000946A2998FAE8009E1857 /* Release */,
			);
			defaultConfigurationIsVisible = 0;
			defaultConfigurationName = Release;
		};
/* End XCConfigurationList section */

/* Begin XCRemoteSwiftPackageReference section */
		D008C07A29AA2443007AD78C /* XCRemoteSwiftPackageReference "unsplash-photopicker-ios" */ = {
			isa = XCRemoteSwiftPackageReference;
			repositoryURL = "https://github.com/unsplash/unsplash-photopicker-ios.git";
			requirement = {
				kind = upToNextMajorVersion;
				minimumVersion = 1.0.0;
			};
		};
/* End XCRemoteSwiftPackageReference section */

/* Begin XCSwiftPackageProductDependency section */
		D008C07B29AA2444007AD78C /* UnsplashPhotoPicker */ = {
			isa = XCSwiftPackageProductDependency;
			package = D008C07A29AA2443007AD78C /* XCRemoteSwiftPackageReference "unsplash-photopicker-ios" */;
			productName = UnsplashPhotoPicker;
		};
/* End XCSwiftPackageProductDependency section */
	};
	rootObject = D00094302998FADF009E1857 /* Project object */;
}
